lockfileVersion: '9.0'

settings:
  autoInstallPeers: true
  excludeLinksFromLockfile: false

importers:

  .:
    dependencies:
      astal:
        specifier: /nix/store/hd98qfcisszjr5prmb9dz0wd7fq74ffn-astal-gjs/share/astal/gjs
        version: link:../../../../nix/store/hd98qfcisszjr5prmb9dz0wd7fq74ffn-astal-gjs/share/astal/gjs
