{
  "nodes": {
    "dotfiles-private": {
      "inputs": {
        "nixpkgs": [
          "nixpkgs"
        ]
      },
      "locked": {
        "dir": "nix",
        "lastModified": 1767641821,
        "narHash": "sha256-cXixmOEAnaG69zU+OWj4Pw8FwYZoQn+WMR5iVUR7GZE=",
        "ref": "main",
        "rev": "65e20c6b719871739ad6054d28d887c39ae003d9",
        "shallow": true,
        "type": "git",
        "url": "ssh://git@github.com/haakemon/.dotfiles-private.git"
      },
      "original": {
        "dir": "nix",
        "ref": "main",
        "shallow": true,
        "type": "git",
        "url": "ssh://git@github.com/haakemon/.dotfiles-private.git"
      }
    },
    "dotfiles-private-nonflake": {
      "flake": false,
      "locked": {
        "lastModified": 1767641821,
        "narHash": "sha256-cXixmOEAnaG69zU+OWj4Pw8FwYZoQn+WMR5iVUR7GZE=",
        "ref": "main",
        "rev": "65e20c6b719871739ad6054d28d887c39ae003d9",
        "shallow": true,
        "type": "git",
        "url": "ssh://git@github.com/haakemon/.dotfiles-private.git"
      },
      "original": {
        "ref": "main",
        "shallow": true,
        "type": "git",
        "url": "ssh://git@github.com/haakemon/.dotfiles-private.git"
      }
    },
    "home-manager": {
      "inputs": {
        "nixpkgs": [
          "nixpkgs"
        ]
      },
      "locked": {
        "lastModified": 1770164260,
        "narHash": "sha256-mQgOAYWlVJyuyXjZN6yxqXWyODvQI5P/UZUCU7IOuYo=",
        "owner": "nix-community",
        "repo": "home-manager",
        "rev": "4fda26500b4539e0a1e3afba9f0e1616bdad4f85",
        "type": "github"
      },
      "original": {
        "owner": "nix-community",
        "ref": "master",
        "repo": "home-manager",
        "type": "github"
      }
    },
    "nixpkgs": {
      "locked": {
        "lastModified": 1770115704,
        "narHash": "sha256-KHFT9UWOF2yRPlAnSXQJh6uVcgNcWlFqqiAZ7OVlHNc=",
        "owner": "nixos",
        "repo": "nixpkgs",
        "rev": "e6eae2ee2110f3d31110d5c222cd395303343b08",
        "type": "github"
      },
      "original": {
        "owner": "nixos",
        "ref": "nixos-unstable",
        "repo": "nixpkgs",
        "type": "github"
      }
    },
    "nixpkgs-unstable-small": {
      "locked": {
        "lastModified": 1770161323,
        "narHash": "sha256-tVQg0i9X0gMFnB1wmF4qo45mIU+6I9+SJCFMSm6nymk=",
        "owner": "NixOS",
        "repo": "nixpkgs",
        "rev": "a1d35dd7e74c7fee8e938ffb61dbd26e8b245238",
        "type": "github"
      },
      "original": {
        "owner": "NixOS",
        "ref": "nixos-unstable-small",
        "repo": "nixpkgs",
        "type": "github"
      }
    },
    "noctalia": {
      "inputs": {
        "nixpkgs": [
          "nixpkgs"
        ]
      },
      "locked": {
        "lastModified": 1770181584,
        "narHash": "sha256-GUzDI/GGglZSshfG+Cf0Bz1xm5Qz5mt8RMRNdb+65zo=",
        "owner": "noctalia-dev",
        "repo": "noctalia-shell",
        "rev": "eac8cf3fbf996f4db65d165f5fccc0fea1175f78",
        "type": "github"
      },
      "original": {
        "owner": "noctalia-dev",
        "repo": "noctalia-shell",
        "type": "github"
      }
    },
    "quickshell": {
      "inputs": {
        "nixpkgs": [
          "nixpkgs"
        ]
      },
      "locked": {
        "lastModified": 1769593411,
        "narHash": "sha256-WW00FaBiUmQyxvSbefvgxIjwf/WmRrEGBbwMHvW/7uQ=",
        "owner": "outfoxxed",
        "repo": "quickshell",
        "rev": "1e4d804e7f3fa7465811030e8da2bf10d544426a",
        "type": "github"
      },
      "original": {
        "owner": "outfoxxed",
        "repo": "quickshell",
        "type": "github"
      }
    },
    "root": {
      "inputs": {
        "dotfiles-private": "dotfiles-private",
        "dotfiles-private-nonflake": "dotfiles-private-nonflake",
        "home-manager": "home-manager",
        "nixpkgs": "nixpkgs",
        "nixpkgs-unstable-small": "nixpkgs-unstable-small",
        "noctalia": "noctalia",
        "quickshell": "quickshell",
        "sops-nix": "sops-nix",
        "zen-browser": "zen-browser"
      }
    },
    "sops-nix": {
      "inputs": {
        "nixpkgs": [
          "nixpkgs"
        ]
      },
      "locked": {
        "lastModified": 1770145881,
        "narHash": "sha256-ktjWTq+D5MTXQcL9N6cDZXUf9kX8JBLLBLT0ZyOTSYY=",
        "owner": "Mic92",
        "repo": "sops-nix",
        "rev": "17eea6f3816ba6568b8c81db8a4e6ca438b30b7c",
        "type": "github"
      },
      "original": {
        "owner": "Mic92",
        "repo": "sops-nix",
        "type": "github"
      }
    },
    "zen-browser": {
      "inputs": {
        "nixpkgs": [
          "nixpkgs"
        ]
      },
      "locked": {
        "lastModified": 1769747637,
        "narHash": "sha256-fRdj480sqW/a+APO6CmelZsa07BRAdEQLUjBQJuyQbU=",
        "owner": "youwen5",
        "repo": "zen-browser-flake",
        "rev": "09e429679b7cc175e71e2d25800bab66493c1c80",
        "type": "github"
      },
      "original": {
        "owner": "youwen5",
        "repo": "zen-browser-flake",
        "type": "github"
      }
    }
  },
  "root": "root",
  "version": 7
}
