{
  "nodes": {
    "dotfiles-private": {
      "inputs": {
        "nixpkgs": [
          "nixpkgs"
        ]
      },
      "locked": {
        "dir": "nix",
        "lastModified": 1767641821,
        "narHash": "sha256-cXixmOEAnaG69zU+OWj4Pw8FwYZoQn+WMR5iVUR7GZE=",
        "ref": "main",
        "rev": "65e20c6b719871739ad6054d28d887c39ae003d9",
        "shallow": true,
        "type": "git",
        "url": "ssh://git@github.com/haakemon/.dotfiles-private.git"
      },
      "original": {
        "dir": "nix",
        "ref": "main",
        "shallow": true,
        "type": "git",
        "url": "ssh://git@github.com/haakemon/.dotfiles-private.git"
      }
    },
    "dotfiles-private-nonflake": {
      "flake": false,
      "locked": {
        "lastModified": 1767641821,
        "narHash": "sha256-cXixmOEAnaG69zU+OWj4Pw8FwYZoQn+WMR5iVUR7GZE=",
        "ref": "main",
        "rev": "65e20c6b719871739ad6054d28d887c39ae003d9",
        "shallow": true,
        "type": "git",
        "url": "ssh://git@github.com/haakemon/.dotfiles-private.git"
      },
      "original": {
        "ref": "main",
        "shallow": true,
        "type": "git",
        "url": "ssh://git@github.com/haakemon/.dotfiles-private.git"
      }
    },
    "home-manager": {
      "inputs": {
        "nixpkgs": [
          "nixpkgs"
        ]
      },
      "locked": {
        "lastModified": 1771756436,
        "narHash": "sha256-Tl2I0YXdhSTufGqAaD1ySh8x+cvVsEI1mJyJg12lxhI=",
        "owner": "nix-community",
        "repo": "home-manager",
        "rev": "5bd3589390b431a63072868a90c0f24771ff4cbb",
        "type": "github"
      },
      "original": {
        "owner": "nix-community",
        "ref": "master",
        "repo": "home-manager",
        "type": "github"
      }
    },
    "nixpkgs": {
      "locked": {
        "lastModified": 1771369470,
        "narHash": "sha256-0NBlEBKkN3lufyvFegY4TYv5mCNHbi5OmBDrzihbBMQ=",
        "owner": "nixos",
        "repo": "nixpkgs",
        "rev": "0182a361324364ae3f436a63005877674cf45efb",
        "type": "github"
      },
      "original": {
        "owner": "nixos",
        "ref": "nixos-unstable",
        "repo": "nixpkgs",
        "type": "github"
      }
    },
    "nixpkgs-unstable-small": {
      "locked": {
        "lastModified": 1771830638,
        "narHash": "sha256-zcIkQrYalt8nlH9FErrgpgtCpD3lhy58DFOC4u85+BA=",
        "owner": "NixOS",
        "repo": "nixpkgs",
        "rev": "3ca49aa290e92b6a885e8c0045033fe2538a4977",
        "type": "github"
      },
      "original": {
        "owner": "NixOS",
        "ref": "nixos-unstable-small",
        "repo": "nixpkgs",
        "type": "github"
      }
    },
    "noctalia": {
      "inputs": {
        "nixpkgs": [
          "nixpkgs"
        ]
      },
      "locked": {
        "lastModified": 1771837636,
        "narHash": "sha256-m4yqAkwKdfPspHjkrEsVo24OAbT2ejswLUmBDby8CzQ=",
        "owner": "noctalia-dev",
        "repo": "noctalia-shell",
        "rev": "716c3574a6d3bb0d9d1031b1292ec9aa9df31c2a",
        "type": "github"
      },
      "original": {
        "owner": "noctalia-dev",
        "repo": "noctalia-shell",
        "type": "github"
      }
    },
    "quickshell": {
      "inputs": {
        "nixpkgs": [
          "nixpkgs"
        ]
      },
      "locked": {
        "lastModified": 1771828702,
        "narHash": "sha256-ii717A9saVvTtn3WIYRV5WG171IL7AuVueUjwjKaLIo=",
        "owner": "outfoxxed",
        "repo": "quickshell",
        "rev": "2cf57f43d5f2a5b139d1f1702c83e126e17f27f8",
        "type": "github"
      },
      "original": {
        "owner": "outfoxxed",
        "repo": "quickshell",
        "type": "github"
      }
    },
    "root": {
      "inputs": {
        "dotfiles-private": "dotfiles-private",
        "dotfiles-private-nonflake": "dotfiles-private-nonflake",
        "home-manager": "home-manager",
        "nixpkgs": "nixpkgs",
        "nixpkgs-unstable-small": "nixpkgs-unstable-small",
        "noctalia": "noctalia",
        "quickshell": "quickshell",
        "sops-nix": "sops-nix",
        "zen-browser": "zen-browser"
      }
    },
    "sops-nix": {
      "inputs": {
        "nixpkgs": [
          "nixpkgs"
        ]
      },
      "locked": {
        "lastModified": 1771735105,
        "narHash": "sha256-MJuVJeszZEziquykEHh/hmgIHYxUcuoG/1aowpLiSeU=",
        "owner": "Mic92",
        "repo": "sops-nix",
        "rev": "d7755d820f5fa8acf7f223309c33e25d4f92e74f",
        "type": "github"
      },
      "original": {
        "owner": "Mic92",
        "repo": "sops-nix",
        "type": "github"
      }
    },
    "zen-browser": {
      "inputs": {
        "nixpkgs": [
          "nixpkgs"
        ]
      },
      "locked": {
        "lastModified": 1771735013,
        "narHash": "sha256-QAh0iw/AgjcaNvBE5OIZstxVxagLVK0RAuH7EhIL/N8=",
        "owner": "youwen5",
        "repo": "zen-browser-flake",
        "rev": "32b69f03007507fc012be9203efdd414f4bc0d66",
        "type": "github"
      },
      "original": {
        "owner": "youwen5",
        "repo": "zen-browser-flake",
        "type": "github"
      }
    }
  },
  "root": "root",
  "version": 7
}
