{
  "nodes": {
    "nixpkgs": {
      "locked": {
        "lastModified": 1715447595,
        "narHash": "sha256-VsVAUQOj/cS1LCOmMjAGeRksXIAdPnFIjCQ0XLkCsT0=",
        "owner": "nixos",
        "repo": "nixpkgs",
        "rev": "062ca2a9370a27a35c524dc82d540e6e9824b652",
        "type": "github"
      },
      "original": {
        "owner": "nixos",
        "ref": "nixos-unstable",
        "repo": "nixpkgs",
        "type": "github"
      }
    },
    "oldPkgs": {
      "locked": {
        "lastModified": 1715346633,
        "narHash": "sha256-A9vSieOHR7B41QoWZcb7fEY7r29E4Vq3liXE0h0edf0=",
        "owner": "nixos",
        "repo": "nixpkgs",
        "rev": "d42c1c8d447a388e1f2776d22c77f5642d703da6",
        "type": "github"
      },
      "original": {
        "owner": "nixos",
        "repo": "nixpkgs",
        "rev": "d42c1c8d447a388e1f2776d22c77f5642d703da6",
        "type": "github"
      }
    },
    "root": {
      "inputs": {
        "nixpkgs": "nixpkgs",
        "oldPkgs": "oldPkgs"
      }
    }
  },
  "root": "root",
  "version": 7
}
