{
  "nodes": {
    "nixpkgs": {
      "locked": {
        "lastModified": 1715447595,
        "narHash": "sha256-VsVAUQOj/cS1LCOmMjAGeRksXIAdPnFIjCQ0XLkCsT0=",
        "owner": "nixos",
        "repo": "nixpkgs",
        "rev": "062ca2a9370a27a35c524dc82d540e6e9824b652",
        "type": "github"
      },
      "original": {
        "owner": "nixos",
        "ref": "nixos-unstable",
        "repo": "nixpkgs",
        "type": "github"
      }
    },
    "oldPkgs": {
      "locked": {
        "lastModified": 1720594544,
        "narHash": "sha256-w6dlBUQYvS65f0Z33TvkcAj7ITr4NFqhF5ywss5T5bU=",
        "owner": "nixos",
        "repo": "nixpkgs",
        "rev": "aa9461550594533c29866d42f861b6ff079a7fb6",
        "type": "github"
      },
      "original": {
        "owner": "nixos",
        "repo": "nixpkgs",
        "rev": "aa9461550594533c29866d42f861b6ff079a7fb6",
        "type": "github"
      }
    },
    "root": {
      "inputs": {
        "nixpkgs": "nixpkgs",
        "oldPkgs": "oldPkgs"
      }
    }
  },
  "root": "root",
  "version": 7
}
